
Microsoft Visual Studio Solution File, Format Version 12.00
# Visual Studio 11
Project("{FAE04EC0-301F-11D3-BF4B-00C04F79EFBC}") = "Pulsey.Web", "Pulsey.Web\Pulsey.Web.csproj", "{5B5E9E20-14F9-4EA3-93EA-C1DF0CE72DC4}"
EndProject
Project("{FAE04EC0-301F-11D3-BF4B-00C04F79EFBC}") = "Pulsey.Core", "Pulsey.Core\Pulsey.Core.csproj", "{2A73A182-5693-402F-A395-74B07330F8B6}"
EndProject
Project("{FAE04EC0-301F-11D3-BF4B-00C04F79EFBC}") = "Pulsey.Web.Api", "Pulsey.Web.Api\Pulsey.Web.Api.csproj", "{E6303051-8875-4855-BEE1-B3173E1B1393}"
EndProject
Global
	GlobalSection(SolutionConfigurationPlatforms) = preSolution
		Debug|Any CPU = Debug|Any CPU
		Release|Any CPU = Release|Any CPU
	EndGlobalSection
	GlobalSection(ProjectConfigurationPlatforms) = postSolution
		{2A73A182-5693-402F-A395-74B07330F8B6}.Debug|Any CPU.ActiveCfg = Debug|Any CPU
		{2A73A182-5693-402F-A395-74B07330F8B6}.Debug|Any CPU.Build.0 = Debug|Any CPU
		{2A73A182-5693-402F-A395-74B07330F8B6}.Release|Any CPU.ActiveCfg = Release|Any CPU
		{2A73A182-5693-402F-A395-74B07330F8B6}.Release|Any CPU.Build.0 = Release|Any CPU
		{5B5E9E20-14F9-4EA3-93EA-C1DF0CE72DC4}.Debug|Any CPU.ActiveCfg = Debug|Any CPU
		{5B5E9E20-14F9-4EA3-93EA-C1DF0CE72DC4}.Debug|Any CPU.Build.0 = Debug|Any CPU
		{5B5E9E20-14F9-4EA3-93EA-C1DF0CE72DC4}.Release|Any CPU.ActiveCfg = Release|Any CPU
		{5B5E9E20-14F9-4EA3-93EA-C1DF0CE72DC4}.Release|Any CPU.Build.0 = Release|Any CPU
		{E6303051-8875-4855-BEE1-B3173E1B1393}.Debug|Any CPU.ActiveCfg = Debug|Any CPU
		{E6303051-8875-4855-BEE1-B3173E1B1393}.Debug|Any CPU.Build.0 = Debug|Any CPU
		{E6303051-8875-4855-BEE1-B3173E1B1393}.Release|Any CPU.ActiveCfg = Release|Any CPU
		{E6303051-8875-4855-BEE1-B3173E1B1393}.Release|Any CPU.Build.0 = Release|Any CPU
	EndGlobalSection
	GlobalSection(SolutionProperties) = preSolution
		HideSolutionNode = FALSE
	EndGlobalSection
EndGlobal
